
Microsoft Visual Studio Solution File, Format Version 12.00
# Visual Studio 14
VisualStudioVersion = 14.0.22823.1
MinimumVisualStudioVersion = 10.0.40219.1
Project("{FAE04EC0-301F-11D3-BF4B-00C04F79EFBC}") = "ContactManager", "ContactManager\ContactManager.csproj", "{FD81BE58-D66E-402E-A020-4A1B4A333A6E}"
EndProject
Project("{2150E333-8FDC-42A3-9474-1A3956D46DE8}") = "PublishScripts", "PublishScripts", "{2A271F68-AA0F-4C60-BDFF-F2D8A92E233B}"
	ProjectSection(SolutionItems) = preProject
		PublishScripts\AzureWebsitePublishModule.psm1 = PublishScripts\AzureWebsitePublishModule.psm1
		PublishScripts\Publish-WebApplicationWebsite.ps1 = PublishScripts\Publish-WebApplicationWebsite.ps1
	EndProjectSection
EndProject
Project("{2150E333-8FDC-42A3-9474-1A3956D46DE8}") = "Configurations", "Configurations", "{7A9228B4-0BFF-4079-A910-CE5EE14ED440}"
	ProjectSection(SolutionItems) = preProject
		PublishScripts\Configurations\ContactManager-WAWS-dev.json = PublishScripts\Configurations\ContactManager-WAWS-dev.json
	EndProjectSection
EndProject
Global
	GlobalSection(SolutionConfigurationPlatforms) = preSolution
		Debug|Any CPU = Debug|Any CPU
		Release|Any CPU = Release|Any CPU
	EndGlobalSection
	GlobalSection(ProjectConfigurationPlatforms) = postSolution
		{FD81BE58-D66E-402E-A020-4A1B4A333A6E}.Debug|Any CPU.ActiveCfg = Debug|Any CPU
		{FD81BE58-D66E-402E-A020-4A1B4A333A6E}.Debug|Any CPU.Build.0 = Debug|Any CPU
		{FD81BE58-D66E-402E-A020-4A1B4A333A6E}.Release|Any CPU.ActiveCfg = Release|Any CPU
		{FD81BE58-D66E-402E-A020-4A1B4A333A6E}.Release|Any CPU.Build.0 = Release|Any CPU
	EndGlobalSection
	GlobalSection(SolutionProperties) = preSolution
		HideSolutionNode = FALSE
	EndGlobalSection
	GlobalSection(NestedProjects) = preSolution
		{7A9228B4-0BFF-4079-A910-CE5EE14ED440} = {2A271F68-AA0F-4C60-BDFF-F2D8A92E233B}
	EndGlobalSection
EndGlobal
